// !$*UTF8*$!
{
	archiveVersion = 1;
	classes = {
	};
	objectVersion = 56;
	objects = {

/* Begin PBXBuildFile section */
		1E708E842C8A1B2A00C1C02D /* FetchTakeHomeProjectApp.swift in Sources */ = {isa = PBXBuildFile; fileRef = 1E708E832C8A1B2A00C1C02D /* FetchTakeHomeProjectApp.swift */; };
		1E708E862C8A1B2A00C1C02D /* MealListView.swift in Sources */ = {isa = PBXBuildFile; fileRef = 1E708E852C8A1B2A00C1C02D /* MealListView.swift */; };
		1E708E882C8A1B2B00C1C02D /* Assets.xcassets in Resources */ = {isa = PBXBuildFile; fileRef = 1E708E872C8A1B2B00C1C02D /* Assets.xcassets */; };
		1E708E8B2C8A1B2B00C1C02D /* Preview Assets.xcassets in Resources */ = {isa = PBXBuildFile; fileRef = 1E708E8A2C8A1B2B00C1C02D /* Preview Assets.xcassets */; };
		1E708E952C8A1B2B00C1C02D /* FetchTakeHomeProjectTests.swift in Sources */ = {isa = PBXBuildFile; fileRef = 1E708E942C8A1B2B00C1C02D /* FetchTakeHomeProjectTests.swift */; };
		1E708E9F2C8A1B2B00C1C02D /* FetchTakeHomeProjectUITests.swift in Sources */ = {isa = PBXBuildFile; fileRef = 1E708E9E2C8A1B2B00C1C02D /* FetchTakeHomeProjectUITests.swift */; };
		1E708EA12C8A1B2B00C1C02D /* FetchTakeHomeProjectUITestsLaunchTests.swift in Sources */ = {isa = PBXBuildFile; fileRef = 1E708EA02C8A1B2B00C1C02D /* FetchTakeHomeProjectUITestsLaunchTests.swift */; };
		1E708EAE2C8A217700C1C02D /* MealList.swift in Sources */ = {isa = PBXBuildFile; fileRef = 1E708EAD2C8A217700C1C02D /* MealList.swift */; };
		1E708EB02C8A221100C1C02D /* NetworkManager.swift in Sources */ = {isa = PBXBuildFile; fileRef = 1E708EAF2C8A221100C1C02D /* NetworkManager.swift */; };
		1E708EB22C8AE81300C1C02D /* MealListViewModel.swift in Sources */ = {isa = PBXBuildFile; fileRef = 1E708EB12C8AE81300C1C02D /* MealListViewModel.swift */; };
		1E708EB42C8B899700C1C02D /* BaseViewModel.swift in Sources */ = {isa = PBXBuildFile; fileRef = 1E708EB32C8B899700C1C02D /* BaseViewModel.swift */; };
		1E708EB62C8C0D0200C1C02D /* MealDetail.swift in Sources */ = {isa = PBXBuildFile; fileRef = 1E708EB52C8C0D0200C1C02D /* MealDetail.swift */; };
		1E708EB82C8C0EB100C1C02D /* MealDetailView.swift in Sources */ = {isa = PBXBuildFile; fileRef = 1E708EB72C8C0EB100C1C02D /* MealDetailView.swift */; };
		1E708EBA2C8C0ED400C1C02D /* MealDetailViewModel.swift in Sources */ = {isa = PBXBuildFile; fileRef = 1E708EB92C8C0ED400C1C02D /* MealDetailViewModel.swift */; };
		1ED562D92C8E4E6B00CDA045 /* BaseViewModelTests.swift in Sources */ = {isa = PBXBuildFile; fileRef = 1ED562D82C8E4E6B00CDA045 /* BaseViewModelTests.swift */; };
		1ED562DB2C8E4EBB00CDA045 /* NetworkManagerMock.swift in Sources */ = {isa = PBXBuildFile; fileRef = 1ED562DA2C8E4EBB00CDA045 /* NetworkManagerMock.swift */; };
		1ED562DD2C8E54F200CDA045 /* MealListViewModelTests.swift in Sources */ = {isa = PBXBuildFile; fileRef = 1ED562DC2C8E54F200CDA045 /* MealListViewModelTests.swift */; };
		1ED562DF2C8EC56400CDA045 /* MealDetailViewModelTests.swift in Sources */ = {isa = PBXBuildFile; fileRef = 1ED562DE2C8EC56400CDA045 /* MealDetailViewModelTests.swift */; };
		1ED562E12C8EC6DF00CDA045 /* MealDetailTests.swift in Sources */ = {isa = PBXBuildFile; fileRef = 1ED562E02C8EC6DF00CDA045 /* MealDetailTests.swift */; };
/* End PBXBuildFile section */

/* Begin PBXContainerItemProxy section */
		1E708E912C8A1B2B00C1C02D /* PBXContainerItemProxy */ = {
			isa = PBXContainerItemProxy;
			containerPortal = 1E708E782C8A1B2A00C1C02D /* Project object */;
			proxyType = 1;
			remoteGlobalIDString = 1E708E7F2C8A1B2A00C1C02D;
			remoteInfo = FetchTakeHomeProject;
		};
		1E708E9B2C8A1B2B00C1C02D /* PBXContainerItemProxy */ = {
			isa = PBXContainerItemProxy;
			containerPortal = 1E708E782C8A1B2A00C1C02D /* Project object */;
			proxyType = 1;
			remoteGlobalIDString = 1E708E7F2C8A1B2A00C1C02D;
			remoteInfo = FetchTakeHomeProject;
		};
/* End PBXContainerItemProxy section */

/* Begin PBXFileReference section */
		1E708E802C8A1B2A00C1C02D /* FetchTakeHomeProject.app */ = {isa = PBXFileReference; explicitFileType = wrapper.application; includeInIndex = 0; path = FetchTakeHomeProject.app; sourceTree = BUILT_PRODUCTS_DIR; };
		1E708E832C8A1B2A00C1C02D /* FetchTakeHomeProjectApp.swift */ = {isa = PBXFileReference; lastKnownFileType = sourcecode.swift; path = FetchTakeHomeProjectApp.swift; sourceTree = "<group>"; };
		1E708E852C8A1B2A00C1C02D /* MealListView.swift */ = {isa = PBXFileReference; lastKnownFileType = sourcecode.swift; path = MealListView.swift; sourceTree = "<group>"; };
		1E708E872C8A1B2B00C1C02D /* Assets.xcassets */ = {isa = PBXFileReference; lastKnownFileType = folder.assetcatalog; path = Assets.xcassets; sourceTree = "<group>"; };
		1E708E8A2C8A1B2B00C1C02D /* Preview Assets.xcassets */ = {isa = PBXFileReference; lastKnownFileType = folder.assetcatalog; path = "Preview Assets.xcassets"; sourceTree = "<group>"; };
		1E708E902C8A1B2B00C1C02D /* FetchTakeHomeProjectTests.xctest */ = {isa = PBXFileReference; explicitFileType = wrapper.cfbundle; includeInIndex = 0; path = FetchTakeHomeProjectTests.xctest; sourceTree = BUILT_PRODUCTS_DIR; };
		1E708E942C8A1B2B00C1C02D /* FetchTakeHomeProjectTests.swift */ = {isa = PBXFileReference; lastKnownFileType = sourcecode.swift; path = FetchTakeHomeProjectTests.swift; sourceTree = "<group>"; };
		1E708E9A2C8A1B2B00C1C02D /* FetchTakeHomeProjectUITests.xctest */ = {isa = PBXFileReference; explicitFileType = wrapper.cfbundle; includeInIndex = 0; path = FetchTakeHomeProjectUITests.xctest; sourceTree = BUILT_PRODUCTS_DIR; };
		1E708E9E2C8A1B2B00C1C02D /* FetchTakeHomeProjectUITests.swift */ = {isa = PBXFileReference; lastKnownFileType = sourcecode.swift; path = FetchTakeHomeProjectUITests.swift; sourceTree = "<group>"; };
		1E708EA02C8A1B2B00C1C02D /* FetchTakeHomeProjectUITestsLaunchTests.swift */ = {isa = PBXFileReference; lastKnownFileType = sourcecode.swift; path = FetchTakeHomeProjectUITestsLaunchTests.swift; sourceTree = "<group>"; };
		1E708EAD2C8A217700C1C02D /* MealList.swift */ = {isa = PBXFileReference; lastKnownFileType = sourcecode.swift; path = MealList.swift; sourceTree = "<group>"; };
		1E708EAF2C8A221100C1C02D /* NetworkManager.swift */ = {isa = PBXFileReference; lastKnownFileType = sourcecode.swift; path = NetworkManager.swift; sourceTree = "<group>"; };
		1E708EB12C8AE81300C1C02D /* MealListViewModel.swift */ = {isa = PBXFileReference; lastKnownFileType = sourcecode.swift; path = MealListViewModel.swift; sourceTree = "<group>"; };
		1E708EB32C8B899700C1C02D /* BaseViewModel.swift */ = {isa = PBXFileReference; lastKnownFileType = sourcecode.swift; path = BaseViewModel.swift; sourceTree = "<group>"; };
		1E708EB52C8C0D0200C1C02D /* MealDetail.swift */ = {isa = PBXFileReference; lastKnownFileType = sourcecode.swift; path = MealDetail.swift; sourceTree = "<group>"; };
		1E708EB72C8C0EB100C1C02D /* MealDetailView.swift */ = {isa = PBXFileReference; lastKnownFileType = sourcecode.swift; path = MealDetailView.swift; sourceTree = "<group>"; };
		1E708EB92C8C0ED400C1C02D /* MealDetailViewModel.swift */ = {isa = PBXFileReference; lastKnownFileType = sourcecode.swift; path = MealDetailViewModel.swift; sourceTree = "<group>"; };
		1ED562D82C8E4E6B00CDA045 /* BaseViewModelTests.swift */ = {isa = PBXFileReference; lastKnownFileType = sourcecode.swift; path = BaseViewModelTests.swift; sourceTree = "<group>"; };
		1ED562DA2C8E4EBB00CDA045 /* NetworkManagerMock.swift */ = {isa = PBXFileReference; lastKnownFileType = sourcecode.swift; path = NetworkManagerMock.swift; sourceTree = "<group>"; };
		1ED562DC2C8E54F200CDA045 /* MealListViewModelTests.swift */ = {isa = PBXFileReference; lastKnownFileType = sourcecode.swift; path = MealListViewModelTests.swift; sourceTree = "<group>"; };
		1ED562DE2C8EC56400CDA045 /* MealDetailViewModelTests.swift */ = {isa = PBXFileReference; lastKnownFileType = sourcecode.swift; path = MealDetailViewModelTests.swift; sourceTree = "<group>"; };
		1ED562E02C8EC6DF00CDA045 /* MealDetailTests.swift */ = {isa = PBXFileReference; lastKnownFileType = sourcecode.swift; path = MealDetailTests.swift; sourceTree = "<group>"; };
/* End PBXFileReference section */

/* Begin PBXFrameworksBuildPhase section */
		1E708E7D2C8A1B2A00C1C02D /* Frameworks */ = {
			isa = PBXFrameworksBuildPhase;
			buildActionMask = 2147483647;
			files = (
			);
			runOnlyForDeploymentPostprocessing = 0;
		};
		1E708E8D2C8A1B2B00C1C02D /* Frameworks */ = {
			isa = PBXFrameworksBuildPhase;
			buildActionMask = 2147483647;
			files = (
			);
			runOnlyForDeploymentPostprocessing = 0;
		};
		1E708E972C8A1B2B00C1C02D /* Frameworks */ = {
			isa = PBXFrameworksBuildPhase;
			buildActionMask = 2147483647;
			files = (
			);
			runOnlyForDeploymentPostprocessing = 0;
		};
/* End PBXFrameworksBuildPhase section */

/* Begin PBXGroup section */
		1E708E772C8A1B2A00C1C02D = {
			isa = PBXGroup;
			children = (
				1E708E822C8A1B2A00C1C02D /* FetchTakeHomeProject */,
				1E708E932C8A1B2B00C1C02D /* FetchTakeHomeProjectTests */,
				1E708E9D2C8A1B2B00C1C02D /* FetchTakeHomeProjectUITests */,
				1E708E812C8A1B2A00C1C02D /* Products */,
			);
			sourceTree = "<group>";
		};
		1E708E812C8A1B2A00C1C02D /* Products */ = {
			isa = PBXGroup;
			children = (
				1E708E802C8A1B2A00C1C02D /* FetchTakeHomeProject.app */,
				1E708E902C8A1B2B00C1C02D /* FetchTakeHomeProjectTests.xctest */,
				1E708E9A2C8A1B2B00C1C02D /* FetchTakeHomeProjectUITests.xctest */,
			);
			name = Products;
			sourceTree = "<group>";
		};
		1E708E822C8A1B2A00C1C02D /* FetchTakeHomeProject */ = {
			isa = PBXGroup;
			children = (
				1E8A77DF2C8D855200649F5C /* MealList */,
				1E8A77E32C8D85A400649F5C /* MealDetail */,
				1E708EAF2C8A221100C1C02D /* NetworkManager.swift */,
				1E708EB32C8B899700C1C02D /* BaseViewModel.swift */,
				1E708E832C8A1B2A00C1C02D /* FetchTakeHomeProjectApp.swift */,
				1E708E872C8A1B2B00C1C02D /* Assets.xcassets */,
				1E708E892C8A1B2B00C1C02D /* Preview Content */,
			);
			path = FetchTakeHomeProject;
			sourceTree = "<group>";
		};
		1E708E892C8A1B2B00C1C02D /* Preview Content */ = {
			isa = PBXGroup;
			children = (
				1E708E8A2C8A1B2B00C1C02D /* Preview Assets.xcassets */,
			);
			path = "Preview Content";
			sourceTree = "<group>";
		};
		1E708E932C8A1B2B00C1C02D /* FetchTakeHomeProjectTests */ = {
			isa = PBXGroup;
			children = (
				1E708E942C8A1B2B00C1C02D /* FetchTakeHomeProjectTests.swift */,
				1ED562D82C8E4E6B00CDA045 /* BaseViewModelTests.swift */,
				1ED562DA2C8E4EBB00CDA045 /* NetworkManagerMock.swift */,
				1ED562DC2C8E54F200CDA045 /* MealListViewModelTests.swift */,
				1ED562DE2C8EC56400CDA045 /* MealDetailViewModelTests.swift */,
				1ED562E02C8EC6DF00CDA045 /* MealDetailTests.swift */,
			);
			path = FetchTakeHomeProjectTests;
			sourceTree = "<group>";
		};
		1E708E9D2C8A1B2B00C1C02D /* FetchTakeHomeProjectUITests */ = {
			isa = PBXGroup;
			children = (
				1E708E9E2C8A1B2B00C1C02D /* FetchTakeHomeProjectUITests.swift */,
				1E708EA02C8A1B2B00C1C02D /* FetchTakeHomeProjectUITestsLaunchTests.swift */,
			);
			path = FetchTakeHomeProjectUITests;
			sourceTree = "<group>";
		};
		1E8A77DF2C8D855200649F5C /* MealList */ = {
			isa = PBXGroup;
			children = (
				1E8A77E12C8D856500649F5C /* Model */,
				1E8A77E02C8D855D00649F5C /* View */,
				1E8A77E22C8D856D00649F5C /* ViewModel */,
			);
			path = MealList;
			sourceTree = "<group>";
		};
		1E8A77E02C8D855D00649F5C /* View */ = {
			isa = PBXGroup;
			children = (
				1E708E852C8A1B2A00C1C02D /* MealListView.swift */,
			);
			path = View;
			sourceTree = "<group>";
		};
		1E8A77E12C8D856500649F5C /* Model */ = {
			isa = PBXGroup;
			children = (
				1E708EAD2C8A217700C1C02D /* MealList.swift */,
			);
			path = Model;
			sourceTree = "<group>";
		};
		1E8A77E22C8D856D00649F5C /* ViewModel */ = {
			isa = PBXGroup;
			children = (
				1E708EB12C8AE81300C1C02D /* MealListViewModel.swift */,
			);
			path = ViewModel;
			sourceTree = "<group>";
		};
		1E8A77E32C8D85A400649F5C /* MealDetail */ = {
			isa = PBXGroup;
			children = (
				1E8A77E52C8D85B700649F5C /* Model */,
				1E8A77E42C8D85AF00649F5C /* View */,
				1E8A77E62C8D85C000649F5C /* ViewModel */,
			);
			path = MealDetail;
			sourceTree = "<group>";
		};
		1E8A77E42C8D85AF00649F5C /* View */ = {
			isa = PBXGroup;
			children = (
				1E708EB72C8C0EB100C1C02D /* MealDetailView.swift */,
			);
			path = View;
			sourceTree = "<group>";
		};
		1E8A77E52C8D85B700649F5C /* Model */ = {
			isa = PBXGroup;
			children = (
				1E708EB52C8C0D0200C1C02D /* MealDetail.swift */,
			);
			path = Model;
			sourceTree = "<group>";
		};
		1E8A77E62C8D85C000649F5C /* ViewModel */ = {
			isa = PBXGroup;
			children = (
				1E708EB92C8C0ED400C1C02D /* MealDetailViewModel.swift */,
			);
			path = ViewModel;
			sourceTree = "<group>";
		};
/* End PBXGroup section */

/* Begin PBXNativeTarget section */
		1E708E7F2C8A1B2A00C1C02D /* FetchTakeHomeProject */ = {
			isa = PBXNativeTarget;
			buildConfigurationList = 1E708EA42C8A1B2B00C1C02D /* Build configuration list for PBXNativeTarget "FetchTakeHomeProject" */;
			buildPhases = (
				1E708E7C2C8A1B2A00C1C02D /* Sources */,
				1E708E7D2C8A1B2A00C1C02D /* Frameworks */,
				1E708E7E2C8A1B2A00C1C02D /* Resources */,
			);
			buildRules = (
			);
			dependencies = (
			);
			name = FetchTakeHomeProject;
			productName = FetchTakeHomeProject;
			productReference = 1E708E802C8A1B2A00C1C02D /* FetchTakeHomeProject.app */;
			productType = "com.apple.product-type.application";
		};
		1E708E8F2C8A1B2B00C1C02D /* FetchTakeHomeProjectTests */ = {
			isa = PBXNativeTarget;
			buildConfigurationList = 1E708EA72C8A1B2B00C1C02D /* Build configuration list for PBXNativeTarget "FetchTakeHomeProjectTests" */;
			buildPhases = (
				1E708E8C2C8A1B2B00C1C02D /* Sources */,
				1E708E8D2C8A1B2B00C1C02D /* Frameworks */,
				1E708E8E2C8A1B2B00C1C02D /* Resources */,
			);
			buildRules = (
			);
			dependencies = (
				1E708E922C8A1B2B00C1C02D /* PBXTargetDependency */,
			);
			name = FetchTakeHomeProjectTests;
			productName = FetchTakeHomeProjectTests;
			productReference = 1E708E902C8A1B2B00C1C02D /* FetchTakeHomeProjectTests.xctest */;
			productType = "com.apple.product-type.bundle.unit-test";
		};
		1E708E992C8A1B2B00C1C02D /* FetchTakeHomeProjectUITests */ = {
			isa = PBXNativeTarget;
			buildConfigurationList = 1E708EAA2C8A1B2B00C1C02D /* Build configuration list for PBXNativeTarget "FetchTakeHomeProjectUITests" */;
			buildPhases = (
				1E708E962C8A1B2B00C1C02D /* Sources */,
				1E708E972C8A1B2B00C1C02D /* Frameworks */,
				1E708E982C8A1B2B00C1C02D /* Resources */,
			);
			buildRules = (
			);
			dependencies = (
				1E708E9C2C8A1B2B00C1C02D /* PBXTargetDependency */,
			);
			name = FetchTakeHomeProjectUITests;
			productName = FetchTakeHomeProjectUITests;
			productReference = 1E708E9A2C8A1B2B00C1C02D /* FetchTakeHomeProjectUITests.xctest */;
			productType = "com.apple.product-type.bundle.ui-testing";
		};
/* End PBXNativeTarget section */

/* Begin PBXProject section */
		1E708E782C8A1B2A00C1C02D /* Project object */ = {
			isa = PBXProject;
			attributes = {
				BuildIndependentTargetsInParallel = 1;
				LastSwiftUpdateCheck = 1540;
				LastUpgradeCheck = 1540;
				TargetAttributes = {
					1E708E7F2C8A1B2A00C1C02D = {
						CreatedOnToolsVersion = 15.4;
					};
					1E708E8F2C8A1B2B00C1C02D = {
						CreatedOnToolsVersion = 15.4;
						TestTargetID = 1E708E7F2C8A1B2A00C1C02D;
					};
					1E708E992C8A1B2B00C1C02D = {
						CreatedOnToolsVersion = 15.4;
						TestTargetID = 1E708E7F2C8A1B2A00C1C02D;
					};
				};
			};
			buildConfigurationList = 1E708E7B2C8A1B2A00C1C02D /* Build configuration list for PBXProject "FetchTakeHomeProject" */;
			compatibilityVersion = "Xcode 14.0";
			developmentRegion = en;
			hasScannedForEncodings = 0;
			knownRegions = (
				en,
				Base,
			);
			mainGroup = 1E708E772C8A1B2A00C1C02D;
			productRefGroup = 1E708E812C8A1B2A00C1C02D /* Products */;
			projectDirPath = "";
			projectRoot = "";
			targets = (
				1E708E7F2C8A1B2A00C1C02D /* FetchTakeHomeProject */,
				1E708E8F2C8A1B2B00C1C02D /* FetchTakeHomeProjectTests */,
				1E708E992C8A1B2B00C1C02D /* FetchTakeHomeProjectUITests */,
			);
		};
/* End PBXProject section */

/* Begin PBXResourcesBuildPhase section */
		1E708E7E2C8A1B2A00C1C02D /* Resources */ = {
			isa = PBXResourcesBuildPhase;
			buildActionMask = 2147483647;
			files = (
				1E708E8B2C8A1B2B00C1C02D /* Preview Assets.xcassets in Resources */,
				1E708E882C8A1B2B00C1C02D /* Assets.xcassets in Resources */,
			);
			runOnlyForDeploymentPostprocessing = 0;
		};
		1E708E8E2C8A1B2B00C1C02D /* Resources */ = {
			isa = PBXResourcesBuildPhase;
			buildActionMask = 2147483647;
			files = (
			);
			runOnlyForDeploymentPostprocessing = 0;
		};
		1E708E982C8A1B2B00C1C02D /* Resources */ = {
			isa = PBXResourcesBuildPhase;
			buildActionMask = 2147483647;
			files = (
			);
			runOnlyForDeploymentPostprocessing = 0;
		};
/* End PBXResourcesBuildPhase section */

/* Begin PBXSourcesBuildPhase section */
		1E708E7C2C8A1B2A00C1C02D /* Sources */ = {
			isa = PBXSourcesBuildPhase;
			buildActionMask = 2147483647;
			files = (
				1E708EB02C8A221100C1C02D /* NetworkManager.swift in Sources */,
				1E708EB22C8AE81300C1C02D /* MealListViewModel.swift in Sources */,
				1E708EBA2C8C0ED400C1C02D /* MealDetailViewModel.swift in Sources */,
				1E708E862C8A1B2A00C1C02D /* MealListView.swift in Sources */,
				1E708EB62C8C0D0200C1C02D /* MealDetail.swift in Sources */,
				1E708EB82C8C0EB100C1C02D /* MealDetailView.swift in Sources */,
				1E708EAE2C8A217700C1C02D /* MealList.swift in Sources */,
				1E708E842C8A1B2A00C1C02D /* FetchTakeHomeProjectApp.swift in Sources */,
				1E708EB42C8B899700C1C02D /* BaseViewModel.swift in Sources */,
			);
			runOnlyForDeploymentPostprocessing = 0;
		};
		1E708E8C2C8A1B2B00C1C02D /* Sources */ = {
			isa = PBXSourcesBuildPhase;
			buildActionMask = 2147483647;
			files = (
				1E708E952C8A1B2B00C1C02D /* FetchTakeHomeProjectTests.swift in Sources */,
				1ED562DF2C8EC56400CDA045 /* MealDetailViewModelTests.swift in Sources */,
				1ED562DD2C8E54F200CDA045 /* MealListViewModelTests.swift in Sources */,
				1ED562E12C8EC6DF00CDA045 /* MealDetailTests.swift in Sources */,
				1ED562D92C8E4E6B00CDA045 /* BaseViewModelTests.swift in Sources */,
				1ED562DB2C8E4EBB00CDA045 /* NetworkManagerMock.swift in Sources */,
			);
			runOnlyForDeploymentPostprocessing = 0;
		};
		1E708E962C8A1B2B00C1C02D /* Sources */ = {
			isa = PBXSourcesBuildPhase;
			buildActionMask = 2147483647;
			files = (
				1E708E9F2C8A1B2B00C1C02D /* FetchTakeHomeProjectUITests.swift in Sources */,
				1E708EA12C8A1B2B00C1C02D /* FetchTakeHomeProjectUITestsLaunchTests.swift in Sources */,
			);
			runOnlyForDeploymentPostprocessing = 0;
		};
/* End PBXSourcesBuildPhase section */

/* Begin PBXTargetDependency section */
		1E708E922C8A1B2B00C1C02D /* PBXTargetDependency */ = {
			isa = PBXTargetDependency;
			target = 1E708E7F2C8A1B2A00C1C02D /* FetchTakeHomeProject */;
			targetProxy = 1E708E912C8A1B2B00C1C02D /* PBXContainerItemProxy */;
		};
		1E708E9C2C8A1B2B00C1C02D /* PBXTargetDependency */ = {
			isa = PBXTargetDependency;
			target = 1E708E7F2C8A1B2A00C1C02D /* FetchTakeHomeProject */;
			targetProxy = 1E708E9B2C8A1B2B00C1C02D /* PBXContainerItemProxy */;
		};
/* End PBXTargetDependency section */

/* Begin XCBuildConfiguration section */
		1E708EA22C8A1B2B00C1C02D /* Debug */ = {
			isa = XCBuildConfiguration;
			buildSettings = {
				ALWAYS_SEARCH_USER_PATHS = NO;
				ASSETCATALOG_COMPILER_GENERATE_SWIFT_ASSET_SYMBOL_EXTENSIONS = YES;
				CLANG_ANALYZER_NONNULL = YES;
				CLANG_ANALYZER_NUMBER_OBJECT_CONVERSION = YES_AGGRESSIVE;
				CLANG_CXX_LANGUAGE_STANDARD = "gnu++20";
				CLANG_ENABLE_MODULES = YES;
				CLANG_ENABLE_OBJC_ARC = YES;
				CLANG_ENABLE_OBJC_WEAK = YES;
				CLANG_WARN_BLOCK_CAPTURE_AUTORELEASING = YES;
				CLANG_WARN_BOOL_CONVERSION = YES;
				CLANG_WARN_COMMA = YES;
				CLANG_WARN_CONSTANT_CONVERSION = YES;
				CLANG_WARN_DEPRECATED_OBJC_IMPLEMENTATIONS = YES;
				CLANG_WARN_DIRECT_OBJC_ISA_USAGE = YES_ERROR;
				CLANG_WARN_DOCUMENTATION_COMMENTS = YES;
				CLANG_WARN_EMPTY_BODY = YES;
				CLANG_WARN_ENUM_CONVERSION = YES;
				CLANG_WARN_INFINITE_RECURSION = YES;
				CLANG_WARN_INT_CONVERSION = YES;
				CLANG_WARN_NON_LITERAL_NULL_CONVERSION = YES;
				CLANG_WARN_OBJC_IMPLICIT_RETAIN_SELF = YES;
				CLANG_WARN_OBJC_LITERAL_CONVERSION = YES;
				CLANG_WARN_OBJC_ROOT_CLASS = YES_ERROR;
				CLANG_WARN_QUOTED_INCLUDE_IN_FRAMEWORK_HEADER = YES;
				CLANG_WARN_RANGE_LOOP_ANALYSIS = YES;
				CLANG_WARN_STRICT_PROTOTYPES = YES;
				CLANG_WARN_SUSPICIOUS_MOVE = YES;
				CLANG_WARN_UNGUARDED_AVAILABILITY = YES_AGGRESSIVE;
				CLANG_WARN_UNREACHABLE_CODE = YES;
				CLANG_WARN__DUPLICATE_METHOD_MATCH = YES;
				COPY_PHASE_STRIP = NO;
				DEBUG_INFORMATION_FORMAT = dwarf;
				ENABLE_STRICT_OBJC_MSGSEND = YES;
				ENABLE_TESTABILITY = YES;
				ENABLE_USER_SCRIPT_SANDBOXING = YES;
				GCC_C_LANGUAGE_STANDARD = gnu17;
				GCC_DYNAMIC_NO_PIC = NO;
				GCC_NO_COMMON_BLOCKS = YES;
				GCC_OPTIMIZATION_LEVEL = 0;
				GCC_PREPROCESSOR_DEFINITIONS = (
					"DEBUG=1",
					"$(inherited)",
				);
				GCC_WARN_64_TO_32_BIT_CONVERSION = YES;
				GCC_WARN_ABOUT_RETURN_TYPE = YES_ERROR;
				GCC_WARN_UNDECLARED_SELECTOR = YES;
				GCC_WARN_UNINITIALIZED_AUTOS = YES_AGGRESSIVE;
				GCC_WARN_UNUSED_FUNCTION = YES;
				GCC_WARN_UNUSED_VARIABLE = YES;
				IPHONEOS_DEPLOYMENT_TARGET = 17.5;
				LOCALIZATION_PREFERS_STRING_CATALOGS = YES;
				MTL_ENABLE_DEBUG_INFO = INCLUDE_SOURCE;
				MTL_FAST_MATH = YES;
				ONLY_ACTIVE_ARCH = YES;
				SDKROOT = iphoneos;
				SWIFT_ACTIVE_COMPILATION_CONDITIONS = "DEBUG $(inherited)";
				SWIFT_OPTIMIZATION_LEVEL = "-Onone";
			};
			name = Debug;
		};
		1E708EA32C8A1B2B00C1C02D /* Release */ = {
			isa = XCBuildConfiguration;
			buildSettings = {
				ALWAYS_SEARCH_USER_PATHS = NO;
				ASSETCATALOG_COMPILER_GENERATE_SWIFT_ASSET_SYMBOL_EXTENSIONS = YES;
				CLANG_ANALYZER_NONNULL = YES;
				CLANG_ANALYZER_NUMBER_OBJECT_CONVERSION = YES_AGGRESSIVE;
				CLANG_CXX_LANGUAGE_STANDARD = "gnu++20";
				CLANG_ENABLE_MODULES = YES;
				CLANG_ENABLE_OBJC_ARC = YES;
				CLANG_ENABLE_OBJC_WEAK = YES;
				CLANG_WARN_BLOCK_CAPTURE_AUTORELEASING = YES;
				CLANG_WARN_BOOL_CONVERSION = YES;
				CLANG_WARN_COMMA = YES;
				CLANG_WARN_CONSTANT_CONVERSION = YES;
				CLANG_WARN_DEPRECATED_OBJC_IMPLEMENTATIONS = YES;
				CLANG_WARN_DIRECT_OBJC_ISA_USAGE = YES_ERROR;
				CLANG_WARN_DOCUMENTATION_COMMENTS = YES;
				CLANG_WARN_EMPTY_BODY = YES;
				CLANG_WARN_ENUM_CONVERSION = YES;
				CLANG_WARN_INFINITE_RECURSION = YES;
				CLANG_WARN_INT_CONVERSION = YES;
				CLANG_WARN_NON_LITERAL_NULL_CONVERSION = YES;
				CLANG_WARN_OBJC_IMPLICIT_RETAIN_SELF = YES;
				CLANG_WARN_OBJC_LITERAL_CONVERSION = YES;
				CLANG_WARN_OBJC_ROOT_CLASS = YES_ERROR;
				CLANG_WARN_QUOTED_INCLUDE_IN_FRAMEWORK_HEADER = YES;
				CLANG_WARN_RANGE_LOOP_ANALYSIS = YES;
				CLANG_WARN_STRICT_PROTOTYPES = YES;
				CLANG_WARN_SUSPICIOUS_MOVE = YES;
				CLANG_WARN_UNGUARDED_AVAILABILITY = YES_AGGRESSIVE;
				CLANG_WARN_UNREACHABLE_CODE = YES;
				CLANG_WARN__DUPLICATE_METHOD_MATCH = YES;
				COPY_PHASE_STRIP = NO;
				DEBUG_INFORMATION_FORMAT = "dwarf-with-dsym";
				ENABLE_NS_ASSERTIONS = NO;
				ENABLE_STRICT_OBJC_MSGSEND = YES;
				ENABLE_USER_SCRIPT_SANDBOXING = YES;
				GCC_C_LANGUAGE_STANDARD = gnu17;
				GCC_NO_COMMON_BLOCKS = YES;
				GCC_WARN_64_TO_32_BIT_CONVERSION = YES;
				GCC_WARN_ABOUT_RETURN_TYPE = YES_ERROR;
				GCC_WARN_UNDECLARED_SELECTOR = YES;
				GCC_WARN_UNINITIALIZED_AUTOS = YES_AGGRESSIVE;
				GCC_WARN_UNUSED_FUNCTION = YES;
				GCC_WARN_UNUSED_VARIABLE = YES;
				IPHONEOS_DEPLOYMENT_TARGET = 17.5;
				LOCALIZATION_PREFERS_STRING_CATALOGS = YES;
				MTL_ENABLE_DEBUG_INFO = NO;
				MTL_FAST_MATH = YES;
				SDKROOT = iphoneos;
				SWIFT_COMPILATION_MODE = wholemodule;
				VALIDATE_PRODUCT = YES;
			};
			name = Release;
		};
		1E708EA52C8A1B2B00C1C02D /* Debug */ = {
			isa = XCBuildConfiguration;
			buildSettings = {
				ASSETCATALOG_COMPILER_APPICON_NAME = AppIcon;
				ASSETCATALOG_COMPILER_GLOBAL_ACCENT_COLOR_NAME = AccentColor;
				CODE_SIGN_STYLE = Automatic;
				CURRENT_PROJECT_VERSION = 1;
				DEVELOPMENT_ASSET_PATHS = "\"FetchTakeHomeProject/Preview Content\"";
				DEVELOPMENT_TEAM = J56K89GB95;
				ENABLE_PREVIEWS = YES;
				GENERATE_INFOPLIST_FILE = YES;
				INFOPLIST_KEY_UIApplicationSceneManifest_Generation = YES;
				INFOPLIST_KEY_UIApplicationSupportsIndirectInputEvents = YES;
				INFOPLIST_KEY_UILaunchScreen_Generation = YES;
				INFOPLIST_KEY_UISupportedInterfaceOrientations_iPad = "UIInterfaceOrientationPortrait UIInterfaceOrientationPortraitUpsideDown UIInterfaceOrientationLandscapeLeft UIInterfaceOrientationLandscapeRight";
				INFOPLIST_KEY_UISupportedInterfaceOrientations_iPhone = "UIInterfaceOrientationPortrait UIInterfaceOrientationLandscapeLeft UIInterfaceOrientationLandscapeRight";
				LD_RUNPATH_SEARCH_PATHS = (
					"$(inherited)",
					"@executable_path/Frameworks",
				);
				MARKETING_VERSION = 1.0;
				PRODUCT_BUNDLE_IDENTIFIER = JeffChien.FetchTakeHomeProject;
				PRODUCT_NAME = "$(TARGET_NAME)";
				SWIFT_EMIT_LOC_STRINGS = YES;
				SWIFT_VERSION = 5.0;
				TARGETED_DEVICE_FAMILY = "1,2";
			};
			name = Debug;
		};
		1E708EA62C8A1B2B00C1C02D /* Release */ = {
			isa = XCBuildConfiguration;
			buildSettings = {
				ASSETCATALOG_COMPILER_APPICON_NAME = AppIcon;
				ASSETCATALOG_COMPILER_GLOBAL_ACCENT_COLOR_NAME = AccentColor;
				CODE_SIGN_STYLE = Automatic;
				CURRENT_PROJECT_VERSION = 1;
				DEVELOPMENT_ASSET_PATHS = "\"FetchTakeHomeProject/Preview Content\"";
				DEVELOPMENT_TEAM = J56K89GB95;
				ENABLE_PREVIEWS = YES;
				GENERATE_INFOPLIST_FILE = YES;
				INFOPLIST_KEY_UIApplicationSceneManifest_Generation = YES;
				INFOPLIST_KEY_UIApplicationSupportsIndirectInputEvents = YES;
				INFOPLIST_KEY_UILaunchScreen_Generation = YES;
				INFOPLIST_KEY_UISupportedInterfaceOrientations_iPad = "UIInterfaceOrientationPortrait UIInterfaceOrientationPortraitUpsideDown UIInterfaceOrientationLandscapeLeft UIInterfaceOrientationLandscapeRight";
				INFOPLIST_KEY_UISupportedInterfaceOrientations_iPhone = "UIInterfaceOrientationPortrait UIInterfaceOrientationLandscapeLeft UIInterfaceOrientationLandscapeRight";
				LD_RUNPATH_SEARCH_PATHS = (
					"$(inherited)",
					"@executable_path/Frameworks",
				);
				MARKETING_VERSION = 1.0;
				PRODUCT_BUNDLE_IDENTIFIER = JeffChien.FetchTakeHomeProject;
				PRODUCT_NAME = "$(TARGET_NAME)";
				SWIFT_EMIT_LOC_STRINGS = YES;
				SWIFT_VERSION = 5.0;
				TARGETED_DEVICE_FAMILY = "1,2";
			};
			name = Release;
		};
		1E708EA82C8A1B2B00C1C02D /* Debug */ = {
			isa = XCBuildConfiguration;
			buildSettings = {
				ALWAYS_EMBED_SWIFT_STANDARD_LIBRARIES = YES;
				BUNDLE_LOADER = "$(TEST_HOST)";
				CODE_SIGN_STYLE = Automatic;
				CURRENT_PROJECT_VERSION = 1;
				DEVELOPMENT_TEAM = J56K89GB95;
				GENERATE_INFOPLIST_FILE = YES;
				IPHONEOS_DEPLOYMENT_TARGET = 17.5;
				MARKETING_VERSION = 1.0;
				PRODUCT_BUNDLE_IDENTIFIER = JeffChien.FetchTakeHomeProjectTests;
				PRODUCT_NAME = "$(TARGET_NAME)";
				SWIFT_EMIT_LOC_STRINGS = NO;
				SWIFT_VERSION = 5.0;
				TARGETED_DEVICE_FAMILY = "1,2";
				TEST_HOST = "$(BUILT_PRODUCTS_DIR)/FetchTakeHomeProject.app/$(BUNDLE_EXECUTABLE_FOLDER_PATH)/FetchTakeHomeProject";
			};
			name = Debug;
		};
		1E708EA92C8A1B2B00C1C02D /* Release */ = {
			isa = XCBuildConfiguration;
			buildSettings = {
				ALWAYS_EMBED_SWIFT_STANDARD_LIBRARIES = YES;
				BUNDLE_LOADER = "$(TEST_HOST)";
				CODE_SIGN_STYLE = Automatic;
				CURRENT_PROJECT_VERSION = 1;
				DEVELOPMENT_TEAM = J56K89GB95;
				GENERATE_INFOPLIST_FILE = YES;
				IPHONEOS_DEPLOYMENT_TARGET = 17.5;
				MARKETING_VERSION = 1.0;
				PRODUCT_BUNDLE_IDENTIFIER = JeffChien.FetchTakeHomeProjectTests;
				PRODUCT_NAME = "$(TARGET_NAME)";
				SWIFT_EMIT_LOC_STRINGS = NO;
				SWIFT_VERSION = 5.0;
				TARGETED_DEVICE_FAMILY = "1,2";
				TEST_HOST = "$(BUILT_PRODUCTS_DIR)/FetchTakeHomeProject.app/$(BUNDLE_EXECUTABLE_FOLDER_PATH)/FetchTakeHomeProject";
			};
			name = Release;
		};
		1E708EAB2C8A1B2B00C1C02D /* Debug */ = {
			isa = XCBuildConfiguration;
			buildSettings = {
				ALWAYS_EMBED_SWIFT_STANDARD_LIBRARIES = YES;
				CODE_SIGN_STYLE = Automatic;
				CURRENT_PROJECT_VERSION = 1;
				DEVELOPMENT_TEAM = J56K89GB95;
				GENERATE_INFOPLIST_FILE = YES;
				MARKETING_VERSION = 1.0;
				PRODUCT_BUNDLE_IDENTIFIER = JeffChien.FetchTakeHomeProjectUITests;
				PRODUCT_NAME = "$(TARGET_NAME)";
				SWIFT_EMIT_LOC_STRINGS = NO;
				SWIFT_VERSION = 5.0;
				TARGETED_DEVICE_FAMILY = "1,2";
				TEST_TARGET_NAME = FetchTakeHomeProject;
			};
			name = Debug;
		};
		1E708EAC2C8A1B2B00C1C02D /* Release */ = {
			isa = XCBuildConfiguration;
			buildSettings = {
				ALWAYS_EMBED_SWIFT_STANDARD_LIBRARIES = YES;
				CODE_SIGN_STYLE = Automatic;
				CURRENT_PROJECT_VERSION = 1;
				DEVELOPMENT_TEAM = J56K89GB95;
				GENERATE_INFOPLIST_FILE = YES;
				MARKETING_VERSION = 1.0;
				PRODUCT_BUNDLE_IDENTIFIER = JeffChien.FetchTakeHomeProjectUITests;
				PRODUCT_NAME = "$(TARGET_NAME)";
				SWIFT_EMIT_LOC_STRINGS = NO;
				SWIFT_VERSION = 5.0;
				TARGETED_DEVICE_FAMILY = "1,2";
				TEST_TARGET_NAME = FetchTakeHomeProject;
			};
			name = Release;
		};
/* End XCBuildConfiguration section */

/* Begin XCConfigurationList section */
		1E708E7B2C8A1B2A00C1C02D /* Build configuration list for PBXProject "FetchTakeHomeProject" */ = {
			isa = XCConfigurationList;
			buildConfigurations = (
				1E708EA22C8A1B2B00C1C02D /* Debug */,
				1E708EA32C8A1B2B00C1C02D /* Release */,
			);
			defaultConfigurationIsVisible = 0;
			defaultConfigurationName = Release;
		};
		1E708EA42C8A1B2B00C1C02D /* Build configuration list for PBXNativeTarget "FetchTakeHomeProject" */ = {
			isa = XCConfigurationList;
			buildConfigurations = (
				1E708EA52C8A1B2B00C1C02D /* Debug */,
				1E708EA62C8A1B2B00C1C02D /* Release */,
			);
			defaultConfigurationIsVisible = 0;
			defaultConfigurationName = Release;
		};
		1E708EA72C8A1B2B00C1C02D /* Build configuration list for PBXNativeTarget "FetchTakeHomeProjectTests" */ = {
			isa = XCConfigurationList;
			buildConfigurations = (
				1E708EA82C8A1B2B00C1C02D /* Debug */,
				1E708EA92C8A1B2B00C1C02D /* Release */,
			);
			defaultConfigurationIsVisible = 0;
			defaultConfigurationName = Release;
		};
		1E708EAA2C8A1B2B00C1C02D /* Build configuration list for PBXNativeTarget "FetchTakeHomeProjectUITests" */ = {
			isa = XCConfigurationList;
			buildConfigurations = (
				1E708EAB2C8A1B2B00C1C02D /* Debug */,
				1E708EAC2C8A1B2B00C1C02D /* Release */,
			);
			defaultConfigurationIsVisible = 0;
			defaultConfigurationName = Release;
		};
/* End XCConfigurationList section */
	};
	rootObject = 1E708E782C8A1B2A00C1C02D /* Project object */;
}
